// !$*UTF8*$!
{
	archiveVersion = 1;
	classes = {
	};
	objectVersion = 50;
	objects = {

/* Begin PBXBuildFile section */
		0C13F92921F5965300120974 /* PongMessage.swift in Sources */ = {isa = PBXBuildFile; fileRef = 0C13F92821F5965300120974 /* PongMessage.swift */; };
		0C13F92B21F596D600120974 /* PingMessage.swift in Sources */ = {isa = PBXBuildFile; fileRef = 0C13F92A21F596D600120974 /* PingMessage.swift */; };
		0C4FDFC821E85E8A00BC27B9 /* InventoryMessage.swift in Sources */ = {isa = PBXBuildFile; fileRef = 0C4FDFC721E85E8A00BC27B9 /* InventoryMessage.swift */; };
		0C4FDFCB21E96FE800BC27B9 /* Script.swift in Sources */ = {isa = PBXBuildFile; fileRef = 0C4FDFCA21E96FE800BC27B9 /* Script.swift */; };
		0C4FDFCD21EAF18600BC27B9 /* Message.swift in Sources */ = {isa = PBXBuildFile; fileRef = 0C4FDFCC21EAF18600BC27B9 /* Message.swift */; };
		0C4FDFD121ED845E00BC27B9 /* UInt256.swift in Sources */ = {isa = PBXBuildFile; fileRef = 0C4FDFD021ED845E00BC27B9 /* UInt256.swift */; };
		0C4FDFD321ED9D6800BC27B9 /* UInt256Tests.swift in Sources */ = {isa = PBXBuildFile; fileRef = 0C4FDFD221ED9D6800BC27B9 /* UInt256Tests.swift */; };
		0C4FDFD521F1771700BC27B9 /* MerkleBlockMessageTests.swift in Sources */ = {isa = PBXBuildFile; fileRef = 0C4FDFD421F1771700BC27B9 /* MerkleBlockMessageTests.swift */; };
		0C4FDFD721F185E900BC27B9 /* BloomFilterTests.swift in Sources */ = {isa = PBXBuildFile; fileRef = 0C4FDFD621F185E900BC27B9 /* BloomFilterTests.swift */; };
		0C4FDFD921F1876900BC27B9 /* MurmurHashTests.swift in Sources */ = {isa = PBXBuildFile; fileRef = 0C4FDFD821F1876900BC27B9 /* MurmurHashTests.swift */; };
		0C4FDFDC21F188F000BC27B9 /* HeadersMessageTests.swift in Sources */ = {isa = PBXBuildFile; fileRef = 0C4FDFDB21F188F000BC27B9 /* HeadersMessageTests.swift */; };
		0C4FDFDE21F18BB600BC27B9 /* BlockTests.swift in Sources */ = {isa = PBXBuildFile; fileRef = 0C4FDFDD21F18BB600BC27B9 /* BlockTests.swift */; };
		0C4FDFE021F2B3C200BC27B9 /* Payment.swift in Sources */ = {isa = PBXBuildFile; fileRef = 0C4FDFDF21F2B3C200BC27B9 /* Payment.swift */; };
		0C4FDFE221F2C35800BC27B9 /* UnspentTransactionOutput.swift in Sources */ = {isa = PBXBuildFile; fileRef = 0C4FDFE121F2C35800BC27B9 /* UnspentTransactionOutput.swift */; };
		0C4FDFE421F31E2100BC27B9 /* TransactionBuilder.swift in Sources */ = {isa = PBXBuildFile; fileRef = 0C4FDFE321F31E2100BC27B9 /* TransactionBuilder.swift */; };
		0C4FDFE821F3E4BA00BC27B9 /* OpCode.swift in Sources */ = {isa = PBXBuildFile; fileRef = 0C4FDFE721F3E4BA00BC27B9 /* OpCode.swift */; };
		0C4FDFEC21F434D500BC27B9 /* RejectMessage.swift in Sources */ = {isa = PBXBuildFile; fileRef = 0C4FDFEB21F434D500BC27B9 /* RejectMessage.swift */; };
		0CC467B121DD847B007828F3 /* PrivateKey.swift in Sources */ = {isa = PBXBuildFile; fileRef = 0CC467B021DD847B007828F3 /* PrivateKey.swift */; };
		0CC467B321DD887F007828F3 /* Network.swift in Sources */ = {isa = PBXBuildFile; fileRef = 0CC467B221DD887F007828F3 /* Network.swift */; };
		0CC467B621DDC34F007828F3 /* Base58.swift in Sources */ = {isa = PBXBuildFile; fileRef = 0CC467B521DDC34F007828F3 /* Base58.swift */; };
		0CC467C021DDD5B0007828F3 /* Data+Extension.swift in Sources */ = {isa = PBXBuildFile; fileRef = 0CC467BF21DDD5B0007828F3 /* Data+Extension.swift */; };
		0CC467C321DDDDE6007828F3 /* Crypto.swift in Sources */ = {isa = PBXBuildFile; fileRef = 0CC467C221DDDDE6007828F3 /* Crypto.swift */; };
		0CC467CC21DEE5AD007828F3 /* PublicKey.swift in Sources */ = {isa = PBXBuildFile; fileRef = 0CC467CB21DEE5AD007828F3 /* PublicKey.swift */; };
		0CC467D221DF034D007828F3 /* Bech32.swift in Sources */ = {isa = PBXBuildFile; fileRef = 0CC467D121DF034D007828F3 /* Bech32.swift */; };
		0CC467DA21DF8121007828F3 /* Peer.swift in Sources */ = {isa = PBXBuildFile; fileRef = 0CC467D921DF8121007828F3 /* Peer.swift */; };
		0CC467DF21E02D8F007828F3 /* MessageHeader.swift in Sources */ = {isa = PBXBuildFile; fileRef = 0CC467DE21E02D8F007828F3 /* MessageHeader.swift */; };
		0CC467E121E02FFC007828F3 /* VarInt.swift in Sources */ = {isa = PBXBuildFile; fileRef = 0CC467E021E02FFC007828F3 /* VarInt.swift */; };
		0CC467E321E03E36007828F3 /* ByteStream.swift in Sources */ = {isa = PBXBuildFile; fileRef = 0CC467E221E03E36007828F3 /* ByteStream.swift */; };
		0CC467E521E03E61007828F3 /* VarString.swift in Sources */ = {isa = PBXBuildFile; fileRef = 0CC467E421E03E61007828F3 /* VarString.swift */; };
		0CC467E721E04948007828F3 /* VersionMessage.swift in Sources */ = {isa = PBXBuildFile; fileRef = 0CC467E621E04948007828F3 /* VersionMessage.swift */; };
		0CC467E921E04A80007828F3 /* NetworkAddress.swift in Sources */ = {isa = PBXBuildFile; fileRef = 0CC467E821E04A80007828F3 /* NetworkAddress.swift */; };
		0CC467F321E1CD74007828F3 /* BitcoinKitTests.swift in Sources */ = {isa = PBXBuildFile; fileRef = 0CC467F221E1CD74007828F3 /* BitcoinKitTests.swift */; };
		0CC467F521E1CD74007828F3 /* BitcoinKit.framework in Frameworks */ = {isa = PBXBuildFile; fileRef = 147494C7201F9A29006D1CF8 /* BitcoinKit.framework */; };
		0CC467FD21E1CE0A007828F3 /* key_io_valid.json in Resources */ = {isa = PBXBuildFile; fileRef = 0CC467FC21E1CE0A007828F3 /* key_io_valid.json */; };
		0CC467FF21E1EF10007828F3 /* base58_encode_decode.json in Resources */ = {isa = PBXBuildFile; fileRef = 0CC467FE21E1EF10007828F3 /* base58_encode_decode.json */; };
		0CC4680421E1EF4D007828F3 /* CtyproTests.swift in Sources */ = {isa = PBXBuildFile; fileRef = 0CC4680321E1EF4D007828F3 /* CtyproTests.swift */; };
		0CC4680621E1EF58007828F3 /* Base58Tests.swift in Sources */ = {isa = PBXBuildFile; fileRef = 0CC4680521E1EF58007828F3 /* Base58Tests.swift */; };
		0CC4680821E1EF62007828F3 /* Bech32Tests.swift in Sources */ = {isa = PBXBuildFile; fileRef = 0CC4680721E1EF62007828F3 /* Bech32Tests.swift */; };
		0CC4680A21E1EF81007828F3 /* PrivateKeyTests.swift in Sources */ = {isa = PBXBuildFile; fileRef = 0CC4680921E1EF81007828F3 /* PrivateKeyTests.swift */; };
		0CC4680C21E1EF89007828F3 /* KeyTests.swift in Sources */ = {isa = PBXBuildFile; fileRef = 0CC4680B21E1EF89007828F3 /* KeyTests.swift */; };
		0CC4680E21E2DE8E007828F3 /* VerackMessage.swift in Sources */ = {isa = PBXBuildFile; fileRef = 0CC4680D21E2DE8E007828F3 /* VerackMessage.swift */; };
		0CC4681021E2ED3E007828F3 /* GetHeadersMessage.swift in Sources */ = {isa = PBXBuildFile; fileRef = 0CC4680F21E2ED3E007828F3 /* GetHeadersMessage.swift */; };
		0CC4681221E2F100007828F3 /* HeadersMessage.swift in Sources */ = {isa = PBXBuildFile; fileRef = 0CC4681121E2F100007828F3 /* HeadersMessage.swift */; };
		0CC4681421E2F2C6007828F3 /* Block.swift in Sources */ = {isa = PBXBuildFile; fileRef = 0CC4681321E2F2C6007828F3 /* Block.swift */; };
		0CC4681721E34116007828F3 /* SQLiteDatabase.swift in Sources */ = {isa = PBXBuildFile; fileRef = 0CC4681621E34116007828F3 /* SQLiteDatabase.swift */; };
		0CC4681B21E42BFD007828F3 /* PeerManager.swift in Sources */ = {isa = PBXBuildFile; fileRef = 0CC4681A21E42BFD007828F3 /* PeerManager.swift */; };
		0CC4681F21E4A086007828F3 /* Transaction.swift in Sources */ = {isa = PBXBuildFile; fileRef = 0CC4681E21E4A086007828F3 /* Transaction.swift */; };
		0CC4682121E4A1AA007828F3 /* TransactionInput.swift in Sources */ = {isa = PBXBuildFile; fileRef = 0CC4682021E4A1AA007828F3 /* TransactionInput.swift */; };
		0CC4682321E4A1DA007828F3 /* TransactionOutPoint.swift in Sources */ = {isa = PBXBuildFile; fileRef = 0CC4682221E4A1DA007828F3 /* TransactionOutPoint.swift */; };
		0CC4682521E4A446007828F3 /* TransactionOutput.swift in Sources */ = {isa = PBXBuildFile; fileRef = 0CC4682421E4A446007828F3 /* TransactionOutput.swift */; };
		0CC4682721E56F40007828F3 /* BloomFilter.swift in Sources */ = {isa = PBXBuildFile; fileRef = 0CC4682621E56F40007828F3 /* BloomFilter.swift */; };
		0CC4682921E572A7007828F3 /* MurmurHash.swift in Sources */ = {isa = PBXBuildFile; fileRef = 0CC4682821E572A7007828F3 /* MurmurHash.swift */; };
		0CC4682B21E57F11007828F3 /* FilterLoadMessage.swift in Sources */ = {isa = PBXBuildFile; fileRef = 0CC4682A21E57F11007828F3 /* FilterLoadMessage.swift */; };
		0CC4682D21E58734007828F3 /* GetDataMessage.swift in Sources */ = {isa = PBXBuildFile; fileRef = 0CC4682C21E58734007828F3 /* GetDataMessage.swift */; };
		0CC4682F21E587A4007828F3 /* InventoryItem.swift in Sources */ = {isa = PBXBuildFile; fileRef = 0CC4682E21E587A4007828F3 /* InventoryItem.swift */; };
		0CC4683121E58A17007828F3 /* MerkleBlockMessage.swift in Sources */ = {isa = PBXBuildFile; fileRef = 0CC4683021E58A17007828F3 /* MerkleBlockMessage.swift */; };
		1419E83A202CDBE500FCB0BE /* BitcoinKitPrivate.h in Headers */ = {isa = PBXBuildFile; fileRef = 1419E838202CDBE500FCB0BE /* BitcoinKitPrivate.h */; settings = {ATTRIBUTES = (Private, ); }; };
		1419E83B202CDBE500FCB0BE /* BitcoinKitPrivate.m in Sources */ = {isa = PBXBuildFile; fileRef = 1419E839202CDBE500FCB0BE /* BitcoinKitPrivate.m */; };
		147494D8201F9A29006D1CF8 /* BitcoinKit.h in Headers */ = {isa = PBXBuildFile; fileRef = 147494CA201F9A29006D1CF8 /* BitcoinKit.h */; settings = {ATTRIBUTES = (Public, ); }; };
/* End PBXBuildFile section */

/* Begin PBXContainerItemProxy section */
		0CC467F621E1CD74007828F3 /* PBXContainerItemProxy */ = {
			isa = PBXContainerItemProxy;
			containerPortal = 147494BE201F9A29006D1CF8 /* Project object */;
			proxyType = 1;
			remoteGlobalIDString = 147494C6201F9A29006D1CF8;
			remoteInfo = BitcoinKit;
		};
/* End PBXContainerItemProxy section */

/* Begin PBXFileReference section */
		0C13F92821F5965300120974 /* PongMessage.swift */ = {isa = PBXFileReference; lastKnownFileType = sourcecode.swift; path = PongMessage.swift; sourceTree = "<group>"; };
		0C13F92A21F596D600120974 /* PingMessage.swift */ = {isa = PBXFileReference; lastKnownFileType = sourcecode.swift; path = PingMessage.swift; sourceTree = "<group>"; };
		0C4FDFC721E85E8A00BC27B9 /* InventoryMessage.swift */ = {isa = PBXFileReference; lastKnownFileType = sourcecode.swift; path = InventoryMessage.swift; sourceTree = "<group>"; };
		0C4FDFCA21E96FE800BC27B9 /* Script.swift */ = {isa = PBXFileReference; lastKnownFileType = sourcecode.swift; path = Script.swift; sourceTree = "<group>"; };
		0C4FDFCC21EAF18600BC27B9 /* Message.swift */ = {isa = PBXFileReference; lastKnownFileType = sourcecode.swift; path = Message.swift; sourceTree = "<group>"; };
		0C4FDFD021ED845E00BC27B9 /* UInt256.swift */ = {isa = PBXFileReference; lastKnownFileType = sourcecode.swift; path = UInt256.swift; sourceTree = "<group>"; };
		0C4FDFD221ED9D6800BC27B9 /* UInt256Tests.swift */ = {isa = PBXFileReference; lastKnownFileType = sourcecode.swift; path = UInt256Tests.swift; sourceTree = "<group>"; };
		0C4FDFD421F1771700BC27B9 /* MerkleBlockMessageTests.swift */ = {isa = PBXFileReference; lastKnownFileType = sourcecode.swift; path = MerkleBlockMessageTests.swift; sourceTree = "<group>"; };
		0C4FDFD621F185E900BC27B9 /* BloomFilterTests.swift */ = {isa = PBXFileReference; lastKnownFileType = sourcecode.swift; path = BloomFilterTests.swift; sourceTree = "<group>"; };
		0C4FDFD821F1876900BC27B9 /* MurmurHashTests.swift */ = {isa = PBXFileReference; lastKnownFileType = sourcecode.swift; path = MurmurHashTests.swift; sourceTree = "<group>"; };
		0C4FDFDB21F188F000BC27B9 /* HeadersMessageTests.swift */ = {isa = PBXFileReference; lastKnownFileType = sourcecode.swift; path = HeadersMessageTests.swift; sourceTree = "<group>"; };
		0C4FDFDD21F18BB600BC27B9 /* BlockTests.swift */ = {isa = PBXFileReference; lastKnownFileType = sourcecode.swift; path = BlockTests.swift; sourceTree = "<group>"; };
		0C4FDFDF21F2B3C200BC27B9 /* Payment.swift */ = {isa = PBXFileReference; lastKnownFileType = sourcecode.swift; path = Payment.swift; sourceTree = "<group>"; };
		0C4FDFE121F2C35800BC27B9 /* UnspentTransactionOutput.swift */ = {isa = PBXFileReference; lastKnownFileType = sourcecode.swift; path = UnspentTransactionOutput.swift; sourceTree = "<group>"; };
		0C4FDFE321F31E2100BC27B9 /* TransactionBuilder.swift */ = {isa = PBXFileReference; lastKnownFileType = sourcecode.swift; path = TransactionBuilder.swift; sourceTree = "<group>"; };
		0C4FDFE721F3E4BA00BC27B9 /* OpCode.swift */ = {isa = PBXFileReference; lastKnownFileType = sourcecode.swift; path = OpCode.swift; sourceTree = "<group>"; };
		0C4FDFEB21F434D500BC27B9 /* RejectMessage.swift */ = {isa = PBXFileReference; lastKnownFileType = sourcecode.swift; path = RejectMessage.swift; sourceTree = "<group>"; };
		0CC467B021DD847B007828F3 /* PrivateKey.swift */ = {isa = PBXFileReference; lastKnownFileType = sourcecode.swift; path = PrivateKey.swift; sourceTree = "<group>"; };
		0CC467B221DD887F007828F3 /* Network.swift */ = {isa = PBXFileReference; lastKnownFileType = sourcecode.swift; path = Network.swift; sourceTree = "<group>"; };
		0CC467B521DDC34F007828F3 /* Base58.swift */ = {isa = PBXFileReference; lastKnownFileType = sourcecode.swift; path = Base58.swift; sourceTree = "<group>"; };
		0CC467BF21DDD5B0007828F3 /* Data+Extension.swift */ = {isa = PBXFileReference; lastKnownFileType = sourcecode.swift; path = "Data+Extension.swift"; sourceTree = "<group>"; };
		0CC467C221DDDDE6007828F3 /* Crypto.swift */ = {isa = PBXFileReference; lastKnownFileType = sourcecode.swift; path = Crypto.swift; sourceTree = "<group>"; };
		0CC467CB21DEE5AD007828F3 /* PublicKey.swift */ = {isa = PBXFileReference; lastKnownFileType = sourcecode.swift; path = PublicKey.swift; sourceTree = "<group>"; };
		0CC467D121DF034D007828F3 /* Bech32.swift */ = {isa = PBXFileReference; lastKnownFileType = sourcecode.swift; path = Bech32.swift; sourceTree = "<group>"; };
		0CC467D921DF8121007828F3 /* Peer.swift */ = {isa = PBXFileReference; lastKnownFileType = sourcecode.swift; path = Peer.swift; sourceTree = "<group>"; };
		0CC467DE21E02D8F007828F3 /* MessageHeader.swift */ = {isa = PBXFileReference; lastKnownFileType = sourcecode.swift; path = MessageHeader.swift; sourceTree = "<group>"; };
		0CC467E021E02FFC007828F3 /* VarInt.swift */ = {isa = PBXFileReference; lastKnownFileType = sourcecode.swift; path = VarInt.swift; sourceTree = "<group>"; };
		0CC467E221E03E36007828F3 /* ByteStream.swift */ = {isa = PBXFileReference; lastKnownFileType = sourcecode.swift; path = ByteStream.swift; sourceTree = "<group>"; };
		0CC467E421E03E61007828F3 /* VarString.swift */ = {isa = PBXFileReference; lastKnownFileType = sourcecode.swift; path = VarString.swift; sourceTree = "<group>"; };
		0CC467E621E04948007828F3 /* VersionMessage.swift */ = {isa = PBXFileReference; lastKnownFileType = sourcecode.swift; path = VersionMessage.swift; sourceTree = "<group>"; };
		0CC467E821E04A80007828F3 /* NetworkAddress.swift */ = {isa = PBXFileReference; lastKnownFileType = sourcecode.swift; path = NetworkAddress.swift; sourceTree = "<group>"; };
		0CC467F021E1CD74007828F3 /* BitcoinKitTests.xctest */ = {isa = PBXFileReference; explicitFileType = wrapper.cfbundle; includeInIndex = 0; path = BitcoinKitTests.xctest; sourceTree = BUILT_PRODUCTS_DIR; };
		0CC467F221E1CD74007828F3 /* BitcoinKitTests.swift */ = {isa = PBXFileReference; lastKnownFileType = sourcecode.swift; path = BitcoinKitTests.swift; sourceTree = "<group>"; };
		0CC467F421E1CD74007828F3 /* Info.plist */ = {isa = PBXFileReference; lastKnownFileType = text.plist.xml; path = Info.plist; sourceTree = "<group>"; };
		0CC467FC21E1CE0A007828F3 /* key_io_valid.json */ = {isa = PBXFileReference; lastKnownFileType = text.json; path = key_io_valid.json; sourceTree = "<group>"; };
		0CC467FE21E1EF10007828F3 /* base58_encode_decode.json */ = {isa = PBXFileReference; lastKnownFileType = text.json; path = base58_encode_decode.json; sourceTree = "<group>"; };
		0CC4680321E1EF4D007828F3 /* CtyproTests.swift */ = {isa = PBXFileReference; lastKnownFileType = sourcecode.swift; path = CtyproTests.swift; sourceTree = "<group>"; };
		0CC4680521E1EF58007828F3 /* Base58Tests.swift */ = {isa = PBXFileReference; lastKnownFileType = sourcecode.swift; path = Base58Tests.swift; sourceTree = "<group>"; };
		0CC4680721E1EF62007828F3 /* Bech32Tests.swift */ = {isa = PBXFileReference; lastKnownFileType = sourcecode.swift; path = Bech32Tests.swift; sourceTree = "<group>"; };
		0CC4680921E1EF81007828F3 /* PrivateKeyTests.swift */ = {isa = PBXFileReference; lastKnownFileType = sourcecode.swift; path = PrivateKeyTests.swift; sourceTree = "<group>"; };
		0CC4680B21E1EF89007828F3 /* KeyTests.swift */ = {isa = PBXFileReference; lastKnownFileType = sourcecode.swift; path = KeyTests.swift; sourceTree = "<group>"; };
		0CC4680D21E2DE8E007828F3 /* VerackMessage.swift */ = {isa = PBXFileReference; lastKnownFileType = sourcecode.swift; path = VerackMessage.swift; sourceTree = "<group>"; };
		0CC4680F21E2ED3E007828F3 /* GetHeadersMessage.swift */ = {isa = PBXFileReference; lastKnownFileType = sourcecode.swift; path = GetHeadersMessage.swift; sourceTree = "<group>"; };
		0CC4681121E2F100007828F3 /* HeadersMessage.swift */ = {isa = PBXFileReference; lastKnownFileType = sourcecode.swift; path = HeadersMessage.swift; sourceTree = "<group>"; };
		0CC4681321E2F2C6007828F3 /* Block.swift */ = {isa = PBXFileReference; lastKnownFileType = sourcecode.swift; path = Block.swift; sourceTree = "<group>"; };
		0CC4681621E34116007828F3 /* SQLiteDatabase.swift */ = {isa = PBXFileReference; lastKnownFileType = sourcecode.swift; path = SQLiteDatabase.swift; sourceTree = "<group>"; };
		0CC4681A21E42BFD007828F3 /* PeerManager.swift */ = {isa = PBXFileReference; lastKnownFileType = sourcecode.swift; path = PeerManager.swift; sourceTree = "<group>"; };
		0CC4681E21E4A086007828F3 /* Transaction.swift */ = {isa = PBXFileReference; lastKnownFileType = sourcecode.swift; path = Transaction.swift; sourceTree = "<group>"; };
		0CC4682021E4A1AA007828F3 /* TransactionInput.swift */ = {isa = PBXFileReference; lastKnownFileType = sourcecode.swift; path = TransactionInput.swift; sourceTree = "<group>"; };
		0CC4682221E4A1DA007828F3 /* TransactionOutPoint.swift */ = {isa = PBXFileReference; lastKnownFileType = sourcecode.swift; path = TransactionOutPoint.swift; sourceTree = "<group>"; };
		0CC4682421E4A446007828F3 /* TransactionOutput.swift */ = {isa = PBXFileReference; lastKnownFileType = sourcecode.swift; path = TransactionOutput.swift; sourceTree = "<group>"; };
		0CC4682621E56F40007828F3 /* BloomFilter.swift */ = {isa = PBXFileReference; lastKnownFileType = sourcecode.swift; path = BloomFilter.swift; sourceTree = "<group>"; };
		0CC4682821E572A7007828F3 /* MurmurHash.swift */ = {isa = PBXFileReference; lastKnownFileType = sourcecode.swift; path = MurmurHash.swift; sourceTree = "<group>"; };
		0CC4682A21E57F11007828F3 /* FilterLoadMessage.swift */ = {isa = PBXFileReference; lastKnownFileType = sourcecode.swift; path = FilterLoadMessage.swift; sourceTree = "<group>"; };
		0CC4682C21E58734007828F3 /* GetDataMessage.swift */ = {isa = PBXFileReference; lastKnownFileType = sourcecode.swift; path = GetDataMessage.swift; sourceTree = "<group>"; };
		0CC4682E21E587A4007828F3 /* InventoryItem.swift */ = {isa = PBXFileReference; lastKnownFileType = sourcecode.swift; path = InventoryItem.swift; sourceTree = "<group>"; };
		0CC4683021E58A17007828F3 /* MerkleBlockMessage.swift */ = {isa = PBXFileReference; lastKnownFileType = sourcecode.swift; path = MerkleBlockMessage.swift; sourceTree = "<group>"; };
		1419E838202CDBE500FCB0BE /* BitcoinKitPrivate.h */ = {isa = PBXFileReference; lastKnownFileType = sourcecode.c.h; name = BitcoinKitPrivate.h; path = ../../BitcoinKit/BitcoinKitPrivate.h; sourceTree = "<group>"; };
		1419E839202CDBE500FCB0BE /* BitcoinKitPrivate.m */ = {isa = PBXFileReference; lastKnownFileType = sourcecode.c.objc; name = BitcoinKitPrivate.m; path = ../../BitcoinKit/BitcoinKitPrivate.m; sourceTree = "<group>"; };
		147494C7201F9A29006D1CF8 /* BitcoinKit.framework */ = {isa = PBXFileReference; explicitFileType = wrapper.framework; includeInIndex = 0; path = BitcoinKit.framework; sourceTree = BUILT_PRODUCTS_DIR; };
		147494CA201F9A29006D1CF8 /* BitcoinKit.h */ = {isa = PBXFileReference; lastKnownFileType = sourcecode.c.h; name = BitcoinKit.h; path = ../../BitcoinKit/BitcoinKit.h; sourceTree = "<group>"; };
		147494CB201F9A29006D1CF8 /* Info.plist */ = {isa = PBXFileReference; lastKnownFileType = text.plist.xml; name = Info.plist; path = ../../BitcoinKit/Info.plist; sourceTree = "<group>"; };
		14A2961B203207F400E19177 /* BitcoinKit.modulemap */ = {isa = PBXFileReference; lastKnownFileType = "sourcecode.module-map"; name = BitcoinKit.modulemap; path = ../../BitcoinKit/BitcoinKit.modulemap; sourceTree = "<group>"; };
		298FA582212788A8009EFAC4 /* BitcoinKit.playground */ = {isa = PBXFileReference; lastKnownFileType = file.playground; path = BitcoinKit.playground; sourceTree = SOURCE_ROOT; xcLanguageSpecificationIdentifier = xcode.lang.swift; };
/* End PBXFileReference section */

/* Begin PBXFrameworksBuildPhase section */
		0CC467ED21E1CD74007828F3 /* Frameworks */ = {
			isa = PBXFrameworksBuildPhase;
			buildActionMask = 2147483647;
			files = (
				0CC467F521E1CD74007828F3 /* BitcoinKit.framework in Frameworks */,
			);
			runOnlyForDeploymentPostprocessing = 0;
		};
		147494C3201F9A29006D1CF8 /* Frameworks */ = {
			isa = PBXFrameworksBuildPhase;
			buildActionMask = 2147483647;
			files = (
			);
			runOnlyForDeploymentPostprocessing = 0;
		};
/* End PBXFrameworksBuildPhase section */

/* Begin PBXGroup section */
		0C4FDFC921E96FC600BC27B9 /* Script */ = {
			isa = PBXGroup;
			children = (
				0C4FDFCA21E96FE800BC27B9 /* Script.swift */,
				0C4FDFE721F3E4BA00BC27B9 /* OpCode.swift */,
			);
			path = Script;
			sourceTree = "<group>";
		};
		0C4FDFDA21F188D500BC27B9 /* Message */ = {
			isa = PBXGroup;
			children = (
				0C4FDFD421F1771700BC27B9 /* MerkleBlockMessageTests.swift */,
				0C4FDFDB21F188F000BC27B9 /* HeadersMessageTests.swift */,
			);
			path = Message;
			sourceTree = "<group>";
		};
		0CC467AC21DD842F007828F3 /* Transaction */ = {
			isa = PBXGroup;
			children = (
				0CC467B021DD847B007828F3 /* PrivateKey.swift */,
				0CC467CB21DEE5AD007828F3 /* PublicKey.swift */,
				0CC4681E21E4A086007828F3 /* Transaction.swift */,
				0CC4682021E4A1AA007828F3 /* TransactionInput.swift */,
				0CC4682221E4A1DA007828F3 /* TransactionOutPoint.swift */,
				0CC4682421E4A446007828F3 /* TransactionOutput.swift */,
				0C4FDFE321F31E2100BC27B9 /* TransactionBuilder.swift */,
				0C4FDFE121F2C35800BC27B9 /* UnspentTransactionOutput.swift */,
			);
			path = Transaction;
			sourceTree = "<group>";
		};
		0CC467AE21DD8444007828F3 /* Utility */ = {
			isa = PBXGroup;
			children = (
				0CC467C221DDDDE6007828F3 /* Crypto.swift */,
				0CC467B521DDC34F007828F3 /* Base58.swift */,
				0CC467D121DF034D007828F3 /* Bech32.swift */,
				0CC467E221E03E36007828F3 /* ByteStream.swift */,
				0CC467BF21DDD5B0007828F3 /* Data+Extension.swift */,
				0CC4682821E572A7007828F3 /* MurmurHash.swift */,
				0C4FDFD021ED845E00BC27B9 /* UInt256.swift */,
			);
			path = Utility;
			sourceTree = "<group>";
		};
		0CC467AF21DD8452007828F3 /* Network */ = {
			isa = PBXGroup;
			children = (
				0CC467B221DD887F007828F3 /* Network.swift */,
				0CC467D921DF8121007828F3 /* Peer.swift */,
				0CC4681A21E42BFD007828F3 /* PeerManager.swift */,
				0CC467DD21E02D74007828F3 /* Protocol */,
			);
			path = Network;
			sourceTree = "<group>";
		};
		0CC467DD21E02D74007828F3 /* Protocol */ = {
			isa = PBXGroup;
			children = (
				0CC4681321E2F2C6007828F3 /* Block.swift */,
				0CC467E021E02FFC007828F3 /* VarInt.swift */,
				0CC467E421E03E61007828F3 /* VarString.swift */,
				0CC467E821E04A80007828F3 /* NetworkAddress.swift */,
				0CC4682E21E587A4007828F3 /* InventoryItem.swift */,
				0CC4682621E56F40007828F3 /* BloomFilter.swift */,
				0CC4681D21E49CB9007828F3 /* Message */,
			);
			path = Protocol;
			sourceTree = "<group>";
		};
		0CC467F121E1CD74007828F3 /* BitcoinKitTests */ = {
			isa = PBXGroup;
			children = (
				0CC467F221E1CD74007828F3 /* BitcoinKitTests.swift */,
				0CC4680121E1EF2E007828F3 /* Transaction */,
				0CC4680221E1EF38007828F3 /* Network */,
				0CC4680021E1EF21007828F3 /* Utility */,
				0CC467FB21E1CDF7007828F3 /* Data */,
				0CC467F421E1CD74007828F3 /* Info.plist */,
			);
			path = BitcoinKitTests;
			sourceTree = "<group>";
		};
		0CC467FB21E1CDF7007828F3 /* Data */ = {
			isa = PBXGroup;
			children = (
				0CC467FC21E1CE0A007828F3 /* key_io_valid.json */,
				0CC467FE21E1EF10007828F3 /* base58_encode_decode.json */,
			);
			path = Data;
			sourceTree = "<group>";
		};
		0CC4680021E1EF21007828F3 /* Utility */ = {
			isa = PBXGroup;
			children = (
				0CC4680321E1EF4D007828F3 /* CtyproTests.swift */,
				0CC4680521E1EF58007828F3 /* Base58Tests.swift */,
				0CC4680721E1EF62007828F3 /* Bech32Tests.swift */,
				0C4FDFD221ED9D6800BC27B9 /* UInt256Tests.swift */,
				0C4FDFD821F1876900BC27B9 /* MurmurHashTests.swift */,
			);
			path = Utility;
			sourceTree = "<group>";
		};
		0CC4680121E1EF2E007828F3 /* Transaction */ = {
			isa = PBXGroup;
			children = (
				0CC4680921E1EF81007828F3 /* PrivateKeyTests.swift */,
				0CC4680B21E1EF89007828F3 /* KeyTests.swift */,
			);
			path = Transaction;
			sourceTree = "<group>";
		};
		0CC4680221E1EF38007828F3 /* Network */ = {
			isa = PBXGroup;
			children = (
				0C4FDFDD21F18BB600BC27B9 /* BlockTests.swift */,
				0C4FDFD621F185E900BC27B9 /* BloomFilterTests.swift */,
				0C4FDFDA21F188D500BC27B9 /* Message */,
			);
			path = Network;
			sourceTree = "<group>";
		};
		0CC4681C21E42C2D007828F3 /* Wallet */ = {
			isa = PBXGroup;
			children = (
				0CC4681621E34116007828F3 /* SQLiteDatabase.swift */,
				0C4FDFDF21F2B3C200BC27B9 /* Payment.swift */,
			);
			path = Wallet;
			sourceTree = "<group>";
		};
		0CC4681D21E49CB9007828F3 /* Message */ = {
			isa = PBXGroup;
			children = (
				0C4FDFCC21EAF18600BC27B9 /* Message.swift */,
				0CC467DE21E02D8F007828F3 /* MessageHeader.swift */,
				0CC467E621E04948007828F3 /* VersionMessage.swift */,
				0CC4680D21E2DE8E007828F3 /* VerackMessage.swift */,
				0CC4680F21E2ED3E007828F3 /* GetHeadersMessage.swift */,
				0CC4681121E2F100007828F3 /* HeadersMessage.swift */,
				0CC4682A21E57F11007828F3 /* FilterLoadMessage.swift */,
				0CC4683021E58A17007828F3 /* MerkleBlockMessage.swift */,
				0CC4682C21E58734007828F3 /* GetDataMessage.swift */,
				0C4FDFC721E85E8A00BC27B9 /* InventoryMessage.swift */,
				0C4FDFEB21F434D500BC27B9 /* RejectMessage.swift */,
				0C13F92A21F596D600120974 /* PingMessage.swift */,
				0C13F92821F5965300120974 /* PongMessage.swift */,
			);
			path = Message;
			sourceTree = "<group>";
		};
		147494BD201F9A29006D1CF8 = {
			isa = PBXGroup;
			children = (
				147494C9201F9A29006D1CF8 /* BitcoinKit */,
				0CC467F121E1CD74007828F3 /* BitcoinKitTests */,
				298FA582212788A8009EFAC4 /* BitcoinKit.playground */,
				147494C8201F9A29006D1CF8 /* Products */,
			);
			sourceTree = "<group>";
		};
		147494C8201F9A29006D1CF8 /* Products */ = {
			isa = PBXGroup;
			children = (
				147494C7201F9A29006D1CF8 /* BitcoinKit.framework */,
				0CC467F021E1CD74007828F3 /* BitcoinKitTests.xctest */,
			);
			name = Products;
			sourceTree = "<group>";
		};
		147494C9201F9A29006D1CF8 /* BitcoinKit */ = {
			isa = PBXGroup;
			children = (
				0CC467AC21DD842F007828F3 /* Transaction */,
				0CC467AF21DD8452007828F3 /* Network */,
				0CC4681C21E42C2D007828F3 /* Wallet */,
				0C4FDFC921E96FC600BC27B9 /* Script */,
				0CC467AE21DD8444007828F3 /* Utility */,
				147494CA201F9A29006D1CF8 /* BitcoinKit.h */,
				14A2961B203207F400E19177 /* BitcoinKit.modulemap */,
				1419E838202CDBE500FCB0BE /* BitcoinKitPrivate.h */,
				1419E839202CDBE500FCB0BE /* BitcoinKitPrivate.m */,
				147494CB201F9A29006D1CF8 /* Info.plist */,
			);
			name = BitcoinKit;
			path = Sources/BitcoinKit;
			sourceTree = "<group>";
		};
/* End PBXGroup section */

/* Begin PBXHeadersBuildPhase section */
		147494C4201F9A29006D1CF8 /* Headers */ = {
			isa = PBXHeadersBuildPhase;
			buildActionMask = 2147483647;
			files = (
				147494D8201F9A29006D1CF8 /* BitcoinKit.h in Headers */,
				1419E83A202CDBE500FCB0BE /* BitcoinKitPrivate.h in Headers */,
			);
			runOnlyForDeploymentPostprocessing = 0;
		};
/* End PBXHeadersBuildPhase section */

/* Begin PBXNativeTarget section */
		0CC467EF21E1CD74007828F3 /* BitcoinKitTests */ = {
			isa = PBXNativeTarget;
			buildConfigurationList = 0CC467FA21E1CD74007828F3 /* Build configuration list for PBXNativeTarget "BitcoinKitTests" */;
			buildPhases = (
				0CC467EC21E1CD74007828F3 /* Sources */,
				0CC467ED21E1CD74007828F3 /* Frameworks */,
				0CC467EE21E1CD74007828F3 /* Resources */,
			);
			buildRules = (
			);
			dependencies = (
				0CC467F721E1CD74007828F3 /* PBXTargetDependency */,
			);
			name = BitcoinKitTests;
			productName = BitcoinKitTests;
			productReference = 0CC467F021E1CD74007828F3 /* BitcoinKitTests.xctest */;
			productType = "com.apple.product-type.bundle.unit-test";
		};
		147494C6201F9A29006D1CF8 /* BitcoinKit */ = {
			isa = PBXNativeTarget;
			buildConfigurationList = 147494DB201F9A29006D1CF8 /* Build configuration list for PBXNativeTarget "BitcoinKit" */;
			buildPhases = (
				292B636820E7BF7000F5040A /* SwiftLint */,
				1482B628202954CC0098B612 /* Build Libraries */,
				147494C2201F9A29006D1CF8 /* Sources */,
				147494C3201F9A29006D1CF8 /* Frameworks */,
				147494C4201F9A29006D1CF8 /* Headers */,
				147494C5201F9A29006D1CF8 /* Resources */,
			);
			buildRules = (
			);
			dependencies = (
			);
			name = BitcoinKit;
			productName = BitcoinKit;
			productReference = 147494C7201F9A29006D1CF8 /* BitcoinKit.framework */;
			productType = "com.apple.product-type.framework";
		};
/* End PBXNativeTarget section */

/* Begin PBXProject section */
		147494BE201F9A29006D1CF8 /* Project object */ = {
			isa = PBXProject;
			attributes = {
				LastSwiftUpdateCheck = 1010;
				LastUpgradeCheck = 0940;
				ORGANIZATIONNAME = "BitcoinKit developers";
				TargetAttributes = {
					0CC467EF21E1CD74007828F3 = {
						CreatedOnToolsVersion = 10.1;
					};
					147494C6201F9A29006D1CF8 = {
						CreatedOnToolsVersion = 9.2;
						LastSwiftMigration = 0920;
						ProvisioningStyle = Automatic;
					};
				};
			};
			buildConfigurationList = 147494C1201F9A29006D1CF8 /* Build configuration list for PBXProject "BitcoinKit" */;
			compatibilityVersion = "Xcode 9.3";
			developmentRegion = en;
			hasScannedForEncodings = 0;
			knownRegions = (
				en,
				Base,
			);
			mainGroup = 147494BD201F9A29006D1CF8;
			productRefGroup = 147494C8201F9A29006D1CF8 /* Products */;
			projectDirPath = "";
			projectRoot = "";
			targets = (
				147494C6201F9A29006D1CF8 /* BitcoinKit */,
				0CC467EF21E1CD74007828F3 /* BitcoinKitTests */,
			);
		};
/* End PBXProject section */

/* Begin PBXResourcesBuildPhase section */
		0CC467EE21E1CD74007828F3 /* Resources */ = {
			isa = PBXResourcesBuildPhase;
			buildActionMask = 2147483647;
			files = (
				0CC467FD21E1CE0A007828F3 /* key_io_valid.json in Resources */,
				0CC467FF21E1EF10007828F3 /* base58_encode_decode.json in Resources */,
			);
			runOnlyForDeploymentPostprocessing = 0;
		};
		147494C5201F9A29006D1CF8 /* Resources */ = {
			isa = PBXResourcesBuildPhase;
			buildActionMask = 2147483647;
			files = (
			);
			runOnlyForDeploymentPostprocessing = 0;
		};
/* End PBXResourcesBuildPhase section */

/* Begin PBXShellScriptBuildPhase section */
		1482B628202954CC0098B612 /* Build Libraries */ = {
			isa = PBXShellScriptBuildPhase;
			buildActionMask = 2147483647;
			files = (
			);
			inputPaths = (
			);
			name = "Build Libraries";
			outputPaths = (
			);
			runOnlyForDeploymentPostprocessing = 0;
			shellPath = /bin/sh;
			shellScript = "if [ ! -d \"$SRCROOT/Libraries/secp256k1/lib\" ] || [ ! -d \"$SRCROOT/Libraries/openssl/lib\" ]; then\n  env -i PATH=$PATH sh \"$SRCROOT/setup/build_libraries.sh\"\nfi\n";
			showEnvVarsInLog = 0;
		};
		292B636820E7BF7000F5040A /* SwiftLint */ = {
			isa = PBXShellScriptBuildPhase;
			buildActionMask = 2147483647;
			files = (
			);
			inputPaths = (
			);
			name = SwiftLint;
			outputPaths = (
			);
			runOnlyForDeploymentPostprocessing = 0;
			shellPath = /bin/sh;
			shellScript = "if which swiftlint >/dev/null; then\n    pwd\n    swiftlint autocorrect\n    swiftlint\nelse\n    echo \"warning: SwiftLint not installed, download from https://github.com/realm/SwiftLint\"\nfi\n";
		};
/* End PBXShellScriptBuildPhase section */

/* Begin PBXSourcesBuildPhase section */
		0CC467EC21E1CD74007828F3 /* Sources */ = {
			isa = PBXSourcesBuildPhase;
			buildActionMask = 2147483647;
			files = (
				0CC4680421E1EF4D007828F3 /* CtyproTests.swift in Sources */,
				0C4FDFDE21F18BB600BC27B9 /* BlockTests.swift in Sources */,
				0CC4680621E1EF58007828F3 /* Base58Tests.swift in Sources */,
				0CC4680821E1EF62007828F3 /* Bech32Tests.swift in Sources */,
				0C4FDFD321ED9D6800BC27B9 /* UInt256Tests.swift in Sources */,
				0CC4680C21E1EF89007828F3 /* KeyTests.swift in Sources */,
				0C4FDFDC21F188F000BC27B9 /* HeadersMessageTests.swift in Sources */,
				0CC467F321E1CD74007828F3 /* BitcoinKitTests.swift in Sources */,
				0C4FDFD721F185E900BC27B9 /* BloomFilterTests.swift in Sources */,
				0C4FDFD921F1876900BC27B9 /* MurmurHashTests.swift in Sources */,
				0CC4680A21E1EF81007828F3 /* PrivateKeyTests.swift in Sources */,
				0C4FDFD521F1771700BC27B9 /* MerkleBlockMessageTests.swift in Sources */,
			);
			runOnlyForDeploymentPostprocessing = 0;
		};
		147494C2201F9A29006D1CF8 /* Sources */ = {
			isa = PBXSourcesBuildPhase;
			buildActionMask = 2147483647;
			files = (
				0CC467E121E02FFC007828F3 /* VarInt.swift in Sources */,
				0CC467CC21DEE5AD007828F3 /* PublicKey.swift in Sources */,
				0CC4683121E58A17007828F3 /* MerkleBlockMessage.swift in Sources */,
				0CC4682921E572A7007828F3 /* MurmurHash.swift in Sources */,
				0CC4681021E2ED3E007828F3 /* GetHeadersMessage.swift in Sources */,
				0C4FDFEC21F434D500BC27B9 /* RejectMessage.swift in Sources */,
				0CC4681221E2F100007828F3 /* HeadersMessage.swift in Sources */,
				0CC4681B21E42BFD007828F3 /* PeerManager.swift in Sources */,
				0CC4681421E2F2C6007828F3 /* Block.swift in Sources */,
				0C4FDFD121ED845E00BC27B9 /* UInt256.swift in Sources */,
				0CC467C321DDDDE6007828F3 /* Crypto.swift in Sources */,
				0CC467B621DDC34F007828F3 /* Base58.swift in Sources */,
				0CC4682321E4A1DA007828F3 /* TransactionOutPoint.swift in Sources */,
				0CC467E921E04A80007828F3 /* NetworkAddress.swift in Sources */,
				0C13F92921F5965300120974 /* PongMessage.swift in Sources */,
				0C4FDFE821F3E4BA00BC27B9 /* OpCode.swift in Sources */,
				0C13F92B21F596D600120974 /* PingMessage.swift in Sources */,
				0CC467B321DD887F007828F3 /* Network.swift in Sources */,
				1419E83B202CDBE500FCB0BE /* BitcoinKitPrivate.m in Sources */,
				0CC4682F21E587A4007828F3 /* InventoryItem.swift in Sources */,
				0CC467C021DDD5B0007828F3 /* Data+Extension.swift in Sources */,
				0CC4681721E34116007828F3 /* SQLiteDatabase.swift in Sources */,
				0CC4682721E56F40007828F3 /* BloomFilter.swift in Sources */,
				0C4FDFC821E85E8A00BC27B9 /* InventoryMessage.swift in Sources */,
				0C4FDFE021F2B3C200BC27B9 /* Payment.swift in Sources */,
				0CC4681F21E4A086007828F3 /* Transaction.swift in Sources */,
				0C4FDFE421F31E2100BC27B9 /* TransactionBuilder.swift in Sources */,
				0CC467E321E03E36007828F3 /* ByteStream.swift in Sources */,
				0CC4682521E4A446007828F3 /* TransactionOutput.swift in Sources */,
				0C4FDFE221F2C35800BC27B9 /* UnspentTransactionOutput.swift in Sources */,
				0CC4682D21E58734007828F3 /* GetDataMessage.swift in Sources */,
				0C4FDFCB21E96FE800BC27B9 /* Script.swift in Sources */,
				0CC4680E21E2DE8E007828F3 /* VerackMessage.swift in Sources */,
				0CC467E721E04948007828F3 /* VersionMessage.swift in Sources */,
				0C4FDFCD21EAF18600BC27B9 /* Message.swift in Sources */,
				0CC467D221DF034D007828F3 /* Bech32.swift in Sources */,
				0CC467DF21E02D8F007828F3 /* MessageHeader.swift in Sources */,
				0CC467B121DD847B007828F3 /* PrivateKey.swift in Sources */,
				0CC467E521E03E61007828F3 /* VarString.swift in Sources */,
				0CC467DA21DF8121007828F3 /* Peer.swift in Sources */,
				0CC4682B21E57F11007828F3 /* FilterLoadMessage.swift in Sources */,
				0CC4682121E4A1AA007828F3 /* TransactionInput.swift in Sources */,
			);
			runOnlyForDeploymentPostprocessing = 0;
		};
/* End PBXSourcesBuildPhase section */

/* Begin PBXTargetDependency section */
		0CC467F721E1CD74007828F3 /* PBXTargetDependency */ = {
			isa = PBXTargetDependency;
			target = 147494C6201F9A29006D1CF8 /* BitcoinKit */;
			targetProxy = 0CC467F621E1CD74007828F3 /* PBXContainerItemProxy */;
		};
/* End PBXTargetDependency section */

/* Begin XCBuildConfiguration section */
		0CC467F821E1CD74007828F3 /* Debug */ = {
			isa = XCBuildConfiguration;
			buildSettings = {
				CLANG_ENABLE_OBJC_WEAK = YES;
				CODE_SIGN_STYLE = Automatic;
				DEVELOPMENT_TEAM = 85L5EGE66R;
				INFOPLIST_FILE = BitcoinKitTests/Info.plist;
				IPHONEOS_DEPLOYMENT_TARGET = 12.1;
				LD_RUNPATH_SEARCH_PATHS = (
					"$(inherited)",
					"@executable_path/Frameworks",
					"@loader_path/Frameworks",
				);
				MTL_ENABLE_DEBUG_INFO = INCLUDE_SOURCE;
				MTL_FAST_MATH = YES;
				PRODUCT_BUNDLE_IDENTIFIER = akifuji.BitcoinKitTests;
				PRODUCT_NAME = "$(TARGET_NAME)";
				SWIFT_VERSION = 4.2;
				TARGETED_DEVICE_FAMILY = "1,2";
			};
			name = Debug;
		};
		0CC467F921E1CD74007828F3 /* Release */ = {
			isa = XCBuildConfiguration;
			buildSettings = {
				CLANG_ENABLE_OBJC_WEAK = YES;
				CODE_SIGN_STYLE = Automatic;
				DEVELOPMENT_TEAM = 85L5EGE66R;
				INFOPLIST_FILE = BitcoinKitTests/Info.plist;
				IPHONEOS_DEPLOYMENT_TARGET = 12.1;
				LD_RUNPATH_SEARCH_PATHS = (
					"$(inherited)",
					"@executable_path/Frameworks",
					"@loader_path/Frameworks",
				);
				MTL_FAST_MATH = YES;
				PRODUCT_BUNDLE_IDENTIFIER = akifuji.BitcoinKitTests;
				PRODUCT_NAME = "$(TARGET_NAME)";
				SWIFT_VERSION = 4.2;
				TARGETED_DEVICE_FAMILY = "1,2";
			};
			name = Release;
		};
		147494D9201F9A29006D1CF8 /* Debug */ = {
			isa = XCBuildConfiguration;
			buildSettings = {
				ALWAYS_SEARCH_USER_PATHS = NO;
				CLANG_ANALYZER_NONNULL = YES;
				CLANG_ANALYZER_NUMBER_OBJECT_CONVERSION = YES_AGGRESSIVE;
				CLANG_CXX_LANGUAGE_STANDARD = "gnu++14";
				CLANG_CXX_LIBRARY = "libc++";
				CLANG_ENABLE_MODULES = YES;
				CLANG_ENABLE_OBJC_ARC = YES;
				CLANG_WARN_BLOCK_CAPTURE_AUTORELEASING = YES;
				CLANG_WARN_BOOL_CONVERSION = YES;
				CLANG_WARN_COMMA = YES;
				CLANG_WARN_CONSTANT_CONVERSION = YES;
				CLANG_WARN_DEPRECATED_OBJC_IMPLEMENTATIONS = YES;
				CLANG_WARN_DIRECT_OBJC_ISA_USAGE = YES_ERROR;
				CLANG_WARN_DOCUMENTATION_COMMENTS = YES;
				CLANG_WARN_EMPTY_BODY = YES;
				CLANG_WARN_ENUM_CONVERSION = YES;
				CLANG_WARN_INFINITE_RECURSION = YES;
				CLANG_WARN_INT_CONVERSION = YES;
				CLANG_WARN_NON_LITERAL_NULL_CONVERSION = YES;
				CLANG_WARN_OBJC_IMPLICIT_RETAIN_SELF = YES;
				CLANG_WARN_OBJC_LITERAL_CONVERSION = YES;
				CLANG_WARN_OBJC_ROOT_CLASS = YES_ERROR;
				CLANG_WARN_RANGE_LOOP_ANALYSIS = YES;
				CLANG_WARN_STRICT_PROTOTYPES = YES;
				CLANG_WARN_SUSPICIOUS_MOVE = YES;
				CLANG_WARN_UNGUARDED_AVAILABILITY = YES_AGGRESSIVE;
				CLANG_WARN_UNREACHABLE_CODE = YES;
				CLANG_WARN__DUPLICATE_METHOD_MATCH = YES;
				CODE_SIGN_IDENTITY = "iPhone Developer";
				COPY_PHASE_STRIP = NO;
				CURRENT_PROJECT_VERSION = 1;
				DEBUG_INFORMATION_FORMAT = dwarf;
				ENABLE_STRICT_OBJC_MSGSEND = YES;
				ENABLE_TESTABILITY = YES;
				GCC_C_LANGUAGE_STANDARD = gnu11;
				GCC_DYNAMIC_NO_PIC = NO;
				GCC_NO_COMMON_BLOCKS = YES;
				GCC_OPTIMIZATION_LEVEL = 0;
				GCC_PREPROCESSOR_DEFINITIONS = (
					"DEBUG=1",
					"$(inherited)",
				);
				GCC_WARN_64_TO_32_BIT_CONVERSION = YES;
				GCC_WARN_ABOUT_RETURN_TYPE = YES_ERROR;
				GCC_WARN_UNDECLARED_SELECTOR = YES;
				GCC_WARN_UNINITIALIZED_AUTOS = YES_AGGRESSIVE;
				GCC_WARN_UNUSED_FUNCTION = YES;
				GCC_WARN_UNUSED_VARIABLE = YES;
				IPHONEOS_DEPLOYMENT_TARGET = 8.0;
				MTL_ENABLE_DEBUG_INFO = YES;
				ONLY_ACTIVE_ARCH = YES;
				SDKROOT = iphoneos;
				SWIFT_ACTIVE_COMPILATION_CONDITIONS = DEBUG;
				SWIFT_OPTIMIZATION_LEVEL = "-Onone";
				VERSIONING_SYSTEM = "apple-generic";
				VERSION_INFO_PREFIX = "";
			};
			name = Debug;
		};
		147494DA201F9A29006D1CF8 /* Release */ = {
			isa = XCBuildConfiguration;
			buildSettings = {
				ALWAYS_SEARCH_USER_PATHS = NO;
				CLANG_ANALYZER_NONNULL = YES;
				CLANG_ANALYZER_NUMBER_OBJECT_CONVERSION = YES_AGGRESSIVE;
				CLANG_CXX_LANGUAGE_STANDARD = "gnu++14";
				CLANG_CXX_LIBRARY = "libc++";
				CLANG_ENABLE_MODULES = YES;
				CLANG_ENABLE_OBJC_ARC = YES;
				CLANG_WARN_BLOCK_CAPTURE_AUTORELEASING = YES;
				CLANG_WARN_BOOL_CONVERSION = YES;
				CLANG_WARN_COMMA = YES;
				CLANG_WARN_CONSTANT_CONVERSION = YES;
				CLANG_WARN_DEPRECATED_OBJC_IMPLEMENTATIONS = YES;
				CLANG_WARN_DIRECT_OBJC_ISA_USAGE = YES_ERROR;
				CLANG_WARN_DOCUMENTATION_COMMENTS = YES;
				CLANG_WARN_EMPTY_BODY = YES;
				CLANG_WARN_ENUM_CONVERSION = YES;
				CLANG_WARN_INFINITE_RECURSION = YES;
				CLANG_WARN_INT_CONVERSION = YES;
				CLANG_WARN_NON_LITERAL_NULL_CONVERSION = YES;
				CLANG_WARN_OBJC_IMPLICIT_RETAIN_SELF = YES;
				CLANG_WARN_OBJC_LITERAL_CONVERSION = YES;
				CLANG_WARN_OBJC_ROOT_CLASS = YES_ERROR;
				CLANG_WARN_RANGE_LOOP_ANALYSIS = YES;
				CLANG_WARN_STRICT_PROTOTYPES = YES;
				CLANG_WARN_SUSPICIOUS_MOVE = YES;
				CLANG_WARN_UNGUARDED_AVAILABILITY = YES_AGGRESSIVE;
				CLANG_WARN_UNREACHABLE_CODE = YES;
				CLANG_WARN__DUPLICATE_METHOD_MATCH = YES;
				CODE_SIGN_IDENTITY = "iPhone Developer";
				COPY_PHASE_STRIP = NO;
				CURRENT_PROJECT_VERSION = 1;
				DEBUG_INFORMATION_FORMAT = "dwarf-with-dsym";
				ENABLE_NS_ASSERTIONS = NO;
				ENABLE_STRICT_OBJC_MSGSEND = YES;
				GCC_C_LANGUAGE_STANDARD = gnu11;
				GCC_NO_COMMON_BLOCKS = YES;
				GCC_WARN_64_TO_32_BIT_CONVERSION = YES;
				GCC_WARN_ABOUT_RETURN_TYPE = YES_ERROR;
				GCC_WARN_UNDECLARED_SELECTOR = YES;
				GCC_WARN_UNINITIALIZED_AUTOS = YES_AGGRESSIVE;
				GCC_WARN_UNUSED_FUNCTION = YES;
				GCC_WARN_UNUSED_VARIABLE = YES;
				IPHONEOS_DEPLOYMENT_TARGET = 8.0;
				MTL_ENABLE_DEBUG_INFO = NO;
				SDKROOT = iphoneos;
				SWIFT_COMPILATION_MODE = wholemodule;
				SWIFT_OPTIMIZATION_LEVEL = "-O";
				VALIDATE_PRODUCT = YES;
				VERSIONING_SYSTEM = "apple-generic";
				VERSION_INFO_PREFIX = "";
			};
			name = Release;
		};
		147494DC201F9A29006D1CF8 /* Debug */ = {
			isa = XCBuildConfiguration;
			buildSettings = {
				APPLICATION_EXTENSION_API_ONLY = YES;
				CLANG_ENABLE_MODULES = YES;
				CODE_SIGN_IDENTITY = "";
				CODE_SIGN_STYLE = Automatic;
				DEFINES_MODULE = YES;
				DEVELOPMENT_TEAM = 27AEDK3C9F;
				DYLIB_COMPATIBILITY_VERSION = 1;
				DYLIB_CURRENT_VERSION = 1;
				DYLIB_INSTALL_NAME_BASE = "@rpath";
				HEADER_SEARCH_PATHS = (
					"$(SRCROOT)/Libraries/openssl/include",
					"$(SRCROOT)/Libraries/secp256k1/include",
				);
				INFOPLIST_FILE = "$(SRCROOT)/BitcoinKit/Info.plist";
				INSTALL_PATH = "$(LOCAL_LIBRARY_DIR)/Frameworks";
				IPHONEOS_DEPLOYMENT_TARGET = 12.0;
				LD_RUNPATH_SEARCH_PATHS = (
					"$(inherited)",
					"@executable_path/Frameworks",
					"@loader_path/Frameworks",
				);
				LIBRARY_SEARCH_PATHS = (
					"$(SRCROOT)/Libraries/openssl/lib",
					"$(SRCROOT)/Libraries/secp256k1/lib",
				);
				MODULEMAP_FILE = "$(SRCROOT)/BitcoinKit/BitcoinKit.modulemap";
				OTHER_SWIFT_FLAGS = "-D BitcoinKitXcode";
				PRODUCT_BUNDLE_IDENTIFIER = com.bitcoinkit.BitcoinKit;
				PRODUCT_NAME = "$(TARGET_NAME:c99extidentifier)";
				SKIP_INSTALL = YES;
				SWIFT_INCLUDE_PATHS = "$(SRCROOT)/Libraries";
				SWIFT_OPTIMIZATION_LEVEL = "-Onone";
				SWIFT_VERSION = 4.2;
				TARGETED_DEVICE_FAMILY = "1,2";
			};
			name = Debug;
		};
		147494DD201F9A29006D1CF8 /* Release */ = {
			isa = XCBuildConfiguration;
			buildSettings = {
				APPLICATION_EXTENSION_API_ONLY = YES;
				CLANG_ENABLE_MODULES = YES;
				CODE_SIGN_IDENTITY = "";
				CODE_SIGN_STYLE = Automatic;
				DEFINES_MODULE = YES;
				DEVELOPMENT_TEAM = 27AEDK3C9F;
				DYLIB_COMPATIBILITY_VERSION = 1;
				DYLIB_CURRENT_VERSION = 1;
				DYLIB_INSTALL_NAME_BASE = "@rpath";
				HEADER_SEARCH_PATHS = (
					"$(SRCROOT)/Libraries/openssl/include",
					"$(SRCROOT)/Libraries/secp256k1/include",
				);
				INFOPLIST_FILE = "$(SRCROOT)/BitcoinKit/Info.plist";
				INSTALL_PATH = "$(LOCAL_LIBRARY_DIR)/Frameworks";
				IPHONEOS_DEPLOYMENT_TARGET = 12.0;
				LD_RUNPATH_SEARCH_PATHS = (
					"$(inherited)",
					"@executable_path/Frameworks",
					"@loader_path/Frameworks",
				);
				LIBRARY_SEARCH_PATHS = (
					"$(SRCROOT)/Libraries/openssl/lib",
					"$(SRCROOT)/Libraries/secp256k1/lib",
				);
				MODULEMAP_FILE = "$(SRCROOT)/BitcoinKit/BitcoinKit.modulemap";
				OTHER_SWIFT_FLAGS = "-D BitcoinKitXcode";
				PRODUCT_BUNDLE_IDENTIFIER = com.bitcoinkit.BitcoinKit;
				PRODUCT_NAME = "$(TARGET_NAME:c99extidentifier)";
				SKIP_INSTALL = YES;
				SWIFT_INCLUDE_PATHS = "$(SRCROOT)/Libraries";
				SWIFT_VERSION = 4.2;
				TARGETED_DEVICE_FAMILY = "1,2";
			};
			name = Release;
		};
/* End XCBuildConfiguration section */

/* Begin XCConfigurationList section */
		0CC467FA21E1CD74007828F3 /* Build configuration list for PBXNativeTarget "BitcoinKitTests" */ = {
			isa = XCConfigurationList;
			buildConfigurations = (
				0CC467F821E1CD74007828F3 /* Debug */,
				0CC467F921E1CD74007828F3 /* Release */,
			);
			defaultConfigurationIsVisible = 0;
			defaultConfigurationName = Release;
		};
		147494C1201F9A29006D1CF8 /* Build configuration list for PBXProject "BitcoinKit" */ = {
			isa = XCConfigurationList;
			buildConfigurations = (
				147494D9201F9A29006D1CF8 /* Debug */,
				147494DA201F9A29006D1CF8 /* Release */,
			);
			defaultConfigurationIsVisible = 0;
			defaultConfigurationName = Release;
		};
		147494DB201F9A29006D1CF8 /* Build configuration list for PBXNativeTarget "BitcoinKit" */ = {
			isa = XCConfigurationList;
			buildConfigurations = (
				147494DC201F9A29006D1CF8 /* Debug */,
				147494DD201F9A29006D1CF8 /* Release */,
			);
			defaultConfigurationIsVisible = 0;
			defaultConfigurationName = Release;
		};
/* End XCConfigurationList section */
	};
	rootObject = 147494BE201F9A29006D1CF8 /* Project object */;
}
